// !$*UTF8*$!
{
	archiveVersion = 1;
	classes = {
	};
	objectVersion = 51;
	objects = {

/* Begin PBXBuildFile section */
		5B438A3E26E55B3D007437CD /* AppDelegate.swift in Sources */ = {isa = PBXBuildFile; fileRef = 5B438A3D26E55B3D007437CD /* AppDelegate.swift */; };
		5B438A4226E55B3D007437CD /* ViewController.swift in Sources */ = {isa = PBXBuildFile; fileRef = 5B438A4126E55B3D007437CD /* ViewController.swift */; };
		5B438A4726E55B3F007437CD /* Assets.xcassets in Resources */ = {isa = PBXBuildFile; fileRef = 5B438A4626E55B3F007437CD /* Assets.xcassets */; };
		5B438A4A26E55B3F007437CD /* LaunchScreen.storyboard in Resources */ = {isa = PBXBuildFile; fileRef = 5B438A4826E55B3F007437CD /* LaunchScreen.storyboard */; };
		5B4F8D6E26E719AF00AD7C70 /* Welcome.storyboard in Resources */ = {isa = PBXBuildFile; fileRef = 5B4F8D6D26E719AF00AD7C70 /* Welcome.storyboard */; };
		5B53F54F26F44ED5009F9BEF /* AddPostViewController.swift in Sources */ = {isa = PBXBuildFile; fileRef = 5B53F54E26F44ED5009F9BEF /* AddPostViewController.swift */; };
		5B7C3EF926E9B1B9001ABEE5 /* Endpoints.swift in Sources */ = {isa = PBXBuildFile; fileRef = 5B7C3EF826E9B1B9001ABEE5 /* Endpoints.swift */; };
		5B7C3EFC26E9B308001ABEE5 /* LoginRequest.swift in Sources */ = {isa = PBXBuildFile; fileRef = 5B7C3EFB26E9B308001ABEE5 /* LoginRequest.swift */; };
		5B7C3EFE26E9B35D001ABEE5 /* LoginResponse.swift in Sources */ = {isa = PBXBuildFile; fileRef = 5B7C3EFD26E9B35D001ABEE5 /* LoginResponse.swift */; };
		5B7C3F0026E9B44B001ABEE5 /* ErrorResponse.swift in Sources */ = {isa = PBXBuildFile; fileRef = 5B7C3EFF26E9B44B001ABEE5 /* ErrorResponse.swift */; };
		5B7C3F0226E9B46B001ABEE5 /* User.swift in Sources */ = {isa = PBXBuildFile; fileRef = 5B7C3F0126E9B46B001ABEE5 /* User.swift */; };
		5B7C3F0626E9B61E001ABEE5 /* SignUpRequest.swift in Sources */ = {isa = PBXBuildFile; fileRef = 5B7C3F0526E9B61E001ABEE5 /* SignUpRequest.swift */; };
		5B7C3F0B26E9B8DD001ABEE5 /* Post.swift in Sources */ = {isa = PBXBuildFile; fileRef = 5B7C3F0A26E9B8DD001ABEE5 /* Post.swift */; };
		5B7C3F0D26E9BB17001ABEE5 /* PostRequest.swift in Sources */ = {isa = PBXBuildFile; fileRef = 5B7C3F0C26E9BB17001ABEE5 /* PostRequest.swift */; };
		5B7C3F0F26E9BD7C001ABEE5 /* GeneralResponse.swift in Sources */ = {isa = PBXBuildFile; fileRef = 5B7C3F0E26E9BD7C001ABEE5 /* GeneralResponse.swift */; };
		5B85651426F1A5B200CAD68D /* HomeViewController.swift in Sources */ = {isa = PBXBuildFile; fileRef = 5B85651326F1A5B200CAD68D /* HomeViewController.swift */; };
		5B85651826F1A77200CAD68D /* TweetTableViewCell.swift in Sources */ = {isa = PBXBuildFile; fileRef = 5B85651626F1A77200CAD68D /* TweetTableViewCell.swift */; };
		5B85651926F1A77200CAD68D /* TweetTableViewCell.xib in Resources */ = {isa = PBXBuildFile; fileRef = 5B85651726F1A77200CAD68D /* TweetTableViewCell.xib */; };
		5BA2D3DF26E7DE2100700C90 /* WelcomeViewController.swift in Sources */ = {isa = PBXBuildFile; fileRef = 5BA2D3DE26E7DE2100700C90 /* WelcomeViewController.swift */; };
		5BA2D3E126E7EC1000700C90 /* SignInViewController.swift in Sources */ = {isa = PBXBuildFile; fileRef = 5BA2D3E026E7EC1000700C90 /* SignInViewController.swift */; };
		5BA2D3E326E7EC2300700C90 /* SignUpViewController.swift in Sources */ = {isa = PBXBuildFile; fileRef = 5BA2D3E226E7EC2300700C90 /* SignUpViewController.swift */; };
		5BAFA12A2704293E00F157F8 /* GoogleService-Info (2).plist in Resources */ = {isa = PBXBuildFile; fileRef = 5BAFA1292704293E00F157F8 /* GoogleService-Info (2).plist */; };
		5BB66F1A26E8734B00590F9E /* Home.storyboard in Resources */ = {isa = PBXBuildFile; fileRef = 5BB66F1926E8734B00590F9E /* Home.storyboard */; };
		5BCDE6DF26EB14DB005C4A58 /* PostRequestLocation.swift in Sources */ = {isa = PBXBuildFile; fileRef = 5BCDE6DE26EB14DB005C4A58 /* PostRequestLocation.swift */; };
		5BCDE6E326EB1C00005C4A58 /* PostLocation.swift in Sources */ = {isa = PBXBuildFile; fileRef = 5BCDE6E226EB1C00005C4A58 /* PostLocation.swift */; };
		E039A45331EB26C7CC1D1123 /* Pods_WorldTweets.framework in Frameworks */ = {isa = PBXBuildFile; fileRef = E0078650D1BBE8D5081E7F64 /* Pods_WorldTweets.framework */; };
/* End PBXBuildFile section */

/* Begin PBXFileReference section */
		1DDB5A31A440F5FECE2E1D6F /* Pods-WorldTweets.release.xcconfig */ = {isa = PBXFileReference; includeInIndex = 1; lastKnownFileType = text.xcconfig; name = "Pods-WorldTweets.release.xcconfig"; path = "Target Support Files/Pods-WorldTweets/Pods-WorldTweets.release.xcconfig"; sourceTree = "<group>"; };
		5B438A3A26E55B3D007437CD /* WorldTweets.app */ = {isa = PBXFileReference; explicitFileType = wrapper.application; includeInIndex = 0; path = WorldTweets.app; sourceTree = BUILT_PRODUCTS_DIR; };
		5B438A3D26E55B3D007437CD /* AppDelegate.swift */ = {isa = PBXFileReference; lastKnownFileType = sourcecode.swift; path = AppDelegate.swift; sourceTree = "<group>"; };
		5B438A4126E55B3D007437CD /* ViewController.swift */ = {isa = PBXFileReference; lastKnownFileType = sourcecode.swift; path = ViewController.swift; sourceTree = "<group>"; };
		5B438A4626E55B3F007437CD /* Assets.xcassets */ = {isa = PBXFileReference; lastKnownFileType = folder.assetcatalog; path = Assets.xcassets; sourceTree = "<group>"; };
		5B438A4926E55B3F007437CD /* Base */ = {isa = PBXFileReference; lastKnownFileType = file.storyboard; name = Base; path = Base.lproj/LaunchScreen.storyboard; sourceTree = "<group>"; };
		5B438A4B26E55B3F007437CD /* Info.plist */ = {isa = PBXFileReference; lastKnownFileType = text.plist.xml; path = Info.plist; sourceTree = "<group>"; };
		5B4F8D6D26E719AF00AD7C70 /* Welcome.storyboard */ = {isa = PBXFileReference; lastKnownFileType = file.storyboard; path = Welcome.storyboard; sourceTree = "<group>"; };
		5B53F54E26F44ED5009F9BEF /* AddPostViewController.swift */ = {isa = PBXFileReference; lastKnownFileType = sourcecode.swift; path = AddPostViewController.swift; sourceTree = "<group>"; };
		5B7C3EF826E9B1B9001ABEE5 /* Endpoints.swift */ = {isa = PBXFileReference; lastKnownFileType = sourcecode.swift; path = Endpoints.swift; sourceTree = "<group>"; };
		5B7C3EFB26E9B308001ABEE5 /* LoginRequest.swift */ = {isa = PBXFileReference; lastKnownFileType = sourcecode.swift; path = LoginRequest.swift; sourceTree = "<group>"; };
		5B7C3EFD26E9B35D001ABEE5 /* LoginResponse.swift */ = {isa = PBXFileReference; lastKnownFileType = sourcecode.swift; path = LoginResponse.swift; sourceTree = "<group>"; };
		5B7C3EFF26E9B44B001ABEE5 /* ErrorResponse.swift */ = {isa = PBXFileReference; lastKnownFileType = sourcecode.swift; path = ErrorResponse.swift; sourceTree = "<group>"; };
		5B7C3F0126E9B46B001ABEE5 /* User.swift */ = {isa = PBXFileReference; lastKnownFileType = sourcecode.swift; path = User.swift; sourceTree = "<group>"; };
		5B7C3F0526E9B61E001ABEE5 /* SignUpRequest.swift */ = {isa = PBXFileReference; lastKnownFileType = sourcecode.swift; path = SignUpRequest.swift; sourceTree = "<group>"; };
		5B7C3F0A26E9B8DD001ABEE5 /* Post.swift */ = {isa = PBXFileReference; lastKnownFileType = sourcecode.swift; path = Post.swift; sourceTree = "<group>"; };
		5B7C3F0C26E9BB17001ABEE5 /* PostRequest.swift */ = {isa = PBXFileReference; lastKnownFileType = sourcecode.swift; path = PostRequest.swift; sourceTree = "<group>"; };
		5B7C3F0E26E9BD7C001ABEE5 /* GeneralResponse.swift */ = {isa = PBXFileReference; lastKnownFileType = sourcecode.swift; path = GeneralResponse.swift; sourceTree = "<group>"; };
		5B85651326F1A5B200CAD68D /* HomeViewController.swift */ = {isa = PBXFileReference; lastKnownFileType = sourcecode.swift; path = HomeViewController.swift; sourceTree = "<group>"; };
		5B85651626F1A77200CAD68D /* TweetTableViewCell.swift */ = {isa = PBXFileReference; lastKnownFileType = sourcecode.swift; path = TweetTableViewCell.swift; sourceTree = "<group>"; };
		5B85651726F1A77200CAD68D /* TweetTableViewCell.xib */ = {isa = PBXFileReference; lastKnownFileType = file.xib; path = TweetTableViewCell.xib; sourceTree = "<group>"; };
		5BA2D3DE26E7DE2100700C90 /* WelcomeViewController.swift */ = {isa = PBXFileReference; lastKnownFileType = sourcecode.swift; path = WelcomeViewController.swift; sourceTree = "<group>"; };
		5BA2D3E026E7EC1000700C90 /* SignInViewController.swift */ = {isa = PBXFileReference; lastKnownFileType = sourcecode.swift; path = SignInViewController.swift; sourceTree = "<group>"; };
		5BA2D3E226E7EC2300700C90 /* SignUpViewController.swift */ = {isa = PBXFileReference; lastKnownFileType = sourcecode.swift; path = SignUpViewController.swift; sourceTree = "<group>"; };
		5BAFA1292704293E00F157F8 /* GoogleService-Info (2).plist */ = {isa = PBXFileReference; fileEncoding = 4; lastKnownFileType = text.plist.xml; name = "GoogleService-Info (2).plist"; path = "../../../../../Downloads/GoogleService-Info (2).plist"; sourceTree = "<group>"; };
		5BB66F1926E8734B00590F9E /* Home.storyboard */ = {isa = PBXFileReference; lastKnownFileType = file.storyboard; path = Home.storyboard; sourceTree = "<group>"; };
		5BCDE6DE26EB14DB005C4A58 /* PostRequestLocation.swift */ = {isa = PBXFileReference; lastKnownFileType = sourcecode.swift; path = PostRequestLocation.swift; sourceTree = "<group>"; };
		5BCDE6E226EB1C00005C4A58 /* PostLocation.swift */ = {isa = PBXFileReference; lastKnownFileType = sourcecode.swift; path = PostLocation.swift; sourceTree = "<group>"; };
		6019865370E609448C07D906 /* Pods-WorldTweets.debug.xcconfig */ = {isa = PBXFileReference; includeInIndex = 1; lastKnownFileType = text.xcconfig; name = "Pods-WorldTweets.debug.xcconfig"; path = "Target Support Files/Pods-WorldTweets/Pods-WorldTweets.debug.xcconfig"; sourceTree = "<group>"; };
		E0078650D1BBE8D5081E7F64 /* Pods_WorldTweets.framework */ = {isa = PBXFileReference; explicitFileType = wrapper.framework; includeInIndex = 0; path = Pods_WorldTweets.framework; sourceTree = BUILT_PRODUCTS_DIR; };
/* End PBXFileReference section */

/* Begin PBXFrameworksBuildPhase section */
		5B438A3726E55B3D007437CD /* Frameworks */ = {
			isa = PBXFrameworksBuildPhase;
			buildActionMask = 2147483647;
			files = (
				E039A45331EB26C7CC1D1123 /* Pods_WorldTweets.framework in Frameworks */,
			);
			runOnlyForDeploymentPostprocessing = 0;
		};
/* End PBXFrameworksBuildPhase section */

/* Begin PBXGroup section */
		466CBB281B9920A8B53A2A5C /* Pods */ = {
			isa = PBXGroup;
			children = (
				6019865370E609448C07D906 /* Pods-WorldTweets.debug.xcconfig */,
				1DDB5A31A440F5FECE2E1D6F /* Pods-WorldTweets.release.xcconfig */,
			);
			path = Pods;
			sourceTree = "<group>";
		};
		4A31CB3C5D678A27B66A95A7 /* Frameworks */ = {
			isa = PBXGroup;
			children = (
				E0078650D1BBE8D5081E7F64 /* Pods_WorldTweets.framework */,
			);
			name = Frameworks;
			sourceTree = "<group>";
		};
		5B438A3126E55B3D007437CD = {
			isa = PBXGroup;
			children = (
				5B438A3C26E55B3D007437CD /* WorldTweets */,
				5B438A3B26E55B3D007437CD /* Products */,
				466CBB281B9920A8B53A2A5C /* Pods */,
				4A31CB3C5D678A27B66A95A7 /* Frameworks */,
			);
			sourceTree = "<group>";
		};
		5B438A3B26E55B3D007437CD /* Products */ = {
			isa = PBXGroup;
			children = (
				5B438A3A26E55B3D007437CD /* WorldTweets.app */,
			);
			name = Products;
			sourceTree = "<group>";
		};
		5B438A3C26E55B3D007437CD /* WorldTweets */ = {
			isa = PBXGroup;
			children = (
				5B4F8D6B26E7193A00AD7C70 /* Modules */,
				5B4F8D6A26E7193200AD7C70 /* Shared */,
				5B438A4B26E55B3F007437CD /* Info.plist */,
				5BAFA1292704293E00F157F8 /* GoogleService-Info (2).plist */,
			);
			path = WorldTweets;
			sourceTree = "<group>";
		};
		5B4F8D6A26E7193200AD7C70 /* Shared */ = {
			isa = PBXGroup;
			children = (
				5B7C3EFA26E9B275001ABEE5 /* Models */,
				5B438A4126E55B3D007437CD /* ViewController.swift */,
				5B438A4626E55B3F007437CD /* Assets.xcassets */,
				5B438A3D26E55B3D007437CD /* AppDelegate.swift */,
				5B438A4826E55B3F007437CD /* LaunchScreen.storyboard */,
				5B7C3EF826E9B1B9001ABEE5 /* Endpoints.swift */,
			);
			path = Shared;
			sourceTree = "<group>";
		};
		5B4F8D6B26E7193A00AD7C70 /* Modules */ = {
			isa = PBXGroup;
			children = (
				5BB66F1826E8734000590F9E /* Home */,
				5B4F8D6C26E7199D00AD7C70 /* Welcome */,
			);
			path = Modules;
			sourceTree = "<group>";
		};
		5B4F8D6C26E7199D00AD7C70 /* Welcome */ = {
			isa = PBXGroup;
			children = (
				5B4F8D6D26E719AF00AD7C70 /* Welcome.storyboard */,
				5BA2D3DE26E7DE2100700C90 /* WelcomeViewController.swift */,
				5BA2D3E026E7EC1000700C90 /* SignInViewController.swift */,
				5BA2D3E226E7EC2300700C90 /* SignUpViewController.swift */,
			);
			path = Welcome;
			sourceTree = "<group>";
		};
		5B7C3EFA26E9B275001ABEE5 /* Models */ = {
			isa = PBXGroup;
			children = (
				5BCDE6E126EB18F8005C4A58 /* Requests */,
				5BCDE6E026EB18BB005C4A58 /* Responses */,
				5B7C3F0126E9B46B001ABEE5 /* User.swift */,
				5B7C3F0A26E9B8DD001ABEE5 /* Post.swift */,
				5BCDE6E226EB1C00005C4A58 /* PostLocation.swift */,
			);
			path = Models;
			sourceTree = "<group>";
		};
		5B85651526F1A74A00CAD68D /* Cells */ = {
			isa = PBXGroup;
			children = (
				5B85651626F1A77200CAD68D /* TweetTableViewCell.swift */,
				5B85651726F1A77200CAD68D /* TweetTableViewCell.xib */,
			);
			path = Cells;
			sourceTree = "<group>";
		};
		5BB66F1826E8734000590F9E /* Home */ = {
			isa = PBXGroup;
			children = (
				5BB66F1926E8734B00590F9E /* Home.storyboard */,
				5B85651526F1A74A00CAD68D /* Cells */,
				5B85651326F1A5B200CAD68D /* HomeViewController.swift */,
				5B53F54E26F44ED5009F9BEF /* AddPostViewController.swift */,
			);
			path = Home;
			sourceTree = "<group>";
		};
		5BCDE6E026EB18BB005C4A58 /* Responses */ = {
			isa = PBXGroup;
			children = (
				5B7C3EFD26E9B35D001ABEE5 /* LoginResponse.swift */,
				5B7C3EFF26E9B44B001ABEE5 /* ErrorResponse.swift */,
				5B7C3F0E26E9BD7C001ABEE5 /* GeneralResponse.swift */,
			);
			path = Responses;
			sourceTree = "<group>";
		};
		5BCDE6E126EB18F8005C4A58 /* Requests */ = {
			isa = PBXGroup;
			children = (
				5B7C3F0526E9B61E001ABEE5 /* SignUpRequest.swift */,
				5B7C3F0C26E9BB17001ABEE5 /* PostRequest.swift */,
				5BCDE6DE26EB14DB005C4A58 /* PostRequestLocation.swift */,
				5B7C3EFB26E9B308001ABEE5 /* LoginRequest.swift */,
			);
			path = Requests;
			sourceTree = "<group>";
		};
/* End PBXGroup section */

/* Begin PBXNativeTarget section */
		5B438A3926E55B3D007437CD /* WorldTweets */ = {
			isa = PBXNativeTarget;
			buildConfigurationList = 5B438A4E26E55B3F007437CD /* Build configuration list for PBXNativeTarget "WorldTweets" */;
			buildPhases = (
				22D4BA33F67136DD7C95922A /* [CP] Check Pods Manifest.lock */,
				5B438A3626E55B3D007437CD /* Sources */,
				5B438A3726E55B3D007437CD /* Frameworks */,
				5B438A3826E55B3D007437CD /* Resources */,
				8F65CD820A84F3AA1B8FFE5D /* [CP] Embed Pods Frameworks */,
			);
			buildRules = (
			);
			dependencies = (
			);
			name = WorldTweets;
			productName = WorldTweets;
			productReference = 5B438A3A26E55B3D007437CD /* WorldTweets.app */;
			productType = "com.apple.product-type.application";
		};
/* End PBXNativeTarget section */

/* Begin PBXProject section */
		5B438A3226E55B3D007437CD /* Project object */ = {
			isa = PBXProject;
			attributes = {
				LastSwiftUpdateCheck = 1250;
				LastUpgradeCheck = 1250;
				TargetAttributes = {
					5B438A3926E55B3D007437CD = {
						CreatedOnToolsVersion = 12.5.1;
					};
				};
			};
			buildConfigurationList = 5B438A3526E55B3D007437CD /* Build configuration list for PBXProject "WorldTweets" */;
			compatibilityVersion = "Xcode 9.3";
			developmentRegion = en;
			hasScannedForEncodings = 0;
			knownRegions = (
				en,
				Base,
			);
			mainGroup = 5B438A3126E55B3D007437CD;
			productRefGroup = 5B438A3B26E55B3D007437CD /* Products */;
			projectDirPath = "";
			projectRoot = "";
			targets = (
				5B438A3926E55B3D007437CD /* WorldTweets */,
			);
		};
/* End PBXProject section */

/* Begin PBXResourcesBuildPhase section */
		5B438A3826E55B3D007437CD /* Resources */ = {
			isa = PBXResourcesBuildPhase;
			buildActionMask = 2147483647;
			files = (
				5B85651926F1A77200CAD68D /* TweetTableViewCell.xib in Resources */,
				5B438A4A26E55B3F007437CD /* LaunchScreen.storyboard in Resources */,
				5B438A4726E55B3F007437CD /* Assets.xcassets in Resources */,
				5B4F8D6E26E719AF00AD7C70 /* Welcome.storyboard in Resources */,
				5BAFA12A2704293E00F157F8 /* GoogleService-Info (2).plist in Resources */,
				5BB66F1A26E8734B00590F9E /* Home.storyboard in Resources */,
			);
			runOnlyForDeploymentPostprocessing = 0;
		};
/* End PBXResourcesBuildPhase section */

/* Begin PBXShellScriptBuildPhase section */
		22D4BA33F67136DD7C95922A /* [CP] Check Pods Manifest.lock */ = {
			isa = PBXShellScriptBuildPhase;
			buildActionMask = 2147483647;
			files = (
			);
			inputFileListPaths = (
			);
			inputPaths = (
				"${PODS_PODFILE_DIR_PATH}/Podfile.lock",
				"${PODS_ROOT}/Manifest.lock",
			);
			name = "[CP] Check Pods Manifest.lock";
			outputFileListPaths = (
			);
			outputPaths = (
				"$(DERIVED_FILE_DIR)/Pods-WorldTweets-checkManifestLockResult.txt",
			);
			runOnlyForDeploymentPostprocessing = 0;
			shellPath = /bin/sh;
			shellScript = "diff \"${PODS_PODFILE_DIR_PATH}/Podfile.lock\" \"${PODS_ROOT}/Manifest.lock\" > /dev/null\nif [ $? != 0 ] ; then\n    # print error to STDERR\n    echo \"error: The sandbox is not in sync with the Podfile.lock. Run 'pod install' or update your CocoaPods installation.\" >&2\n    exit 1\nfi\n# This output is used by Xcode 'outputs' to avoid re-running this script phase.\necho \"SUCCESS\" > \"${SCRIPT_OUTPUT_FILE_0}\"\n";
			showEnvVarsInLog = 0;
		};
		8F65CD820A84F3AA1B8FFE5D /* [CP] Embed Pods Frameworks */ = {
			isa = PBXShellScriptBuildPhase;
			buildActionMask = 2147483647;
			files = (
			);
			inputFileListPaths = (
				"${PODS_ROOT}/Target Support Files/Pods-WorldTweets/Pods-WorldTweets-frameworks-${CONFIGURATION}-input-files.xcfilelist",
			);
			name = "[CP] Embed Pods Frameworks";
			outputFileListPaths = (
				"${PODS_ROOT}/Target Support Files/Pods-WorldTweets/Pods-WorldTweets-frameworks-${CONFIGURATION}-output-files.xcfilelist",
			);
			runOnlyForDeploymentPostprocessing = 0;
			shellPath = /bin/sh;
			shellScript = "\"${PODS_ROOT}/Target Support Files/Pods-WorldTweets/Pods-WorldTweets-frameworks.sh\"\n";
			showEnvVarsInLog = 0;
		};
/* End PBXShellScriptBuildPhase section */

/* Begin PBXSourcesBuildPhase section */
		5B438A3626E55B3D007437CD /* Sources */ = {
			isa = PBXSourcesBuildPhase;
			buildActionMask = 2147483647;
			files = (
				5BA2D3E126E7EC1000700C90 /* SignInViewController.swift in Sources */,
				5BA2D3DF26E7DE2100700C90 /* WelcomeViewController.swift in Sources */,
				5B438A4226E55B3D007437CD /* ViewController.swift in Sources */,
				5B53F54F26F44ED5009F9BEF /* AddPostViewController.swift in Sources */,
				5B85651426F1A5B200CAD68D /* HomeViewController.swift in Sources */,
				5B438A3E26E55B3D007437CD /* AppDelegate.swift in Sources */,
				5B7C3EF926E9B1B9001ABEE5 /* Endpoints.swift in Sources */,
				5B7C3EFC26E9B308001ABEE5 /* LoginRequest.swift in Sources */,
				5B7C3F0026E9B44B001ABEE5 /* ErrorResponse.swift in Sources */,
				5B7C3EFE26E9B35D001ABEE5 /* LoginResponse.swift in Sources */,
				5B7C3F0B26E9B8DD001ABEE5 /* Post.swift in Sources */,
				5B7C3F0626E9B61E001ABEE5 /* SignUpRequest.swift in Sources */,
				5B85651826F1A77200CAD68D /* TweetTableViewCell.swift in Sources */,
				5B7C3F0226E9B46B001ABEE5 /* User.swift in Sources */,
				5BCDE6DF26EB14DB005C4A58 /* PostRequestLocation.swift in Sources */,
				5BCDE6E326EB1C00005C4A58 /* PostLocation.swift in Sources */,
				5B7C3F0F26E9BD7C001ABEE5 /* GeneralResponse.swift in Sources */,
				5B7C3F0D26E9BB17001ABEE5 /* PostRequest.swift in Sources */,
				5BA2D3E326E7EC2300700C90 /* SignUpViewController.swift in Sources */,
			);
			runOnlyForDeploymentPostprocessing = 0;
		};
/* End PBXSourcesBuildPhase section */

/* Begin PBXVariantGroup section */
		5B438A4826E55B3F007437CD /* LaunchScreen.storyboard */ = {
			isa = PBXVariantGroup;
			children = (
				5B438A4926E55B3F007437CD /* Base */,
			);
			name = LaunchScreen.storyboard;
			sourceTree = "<group>";
		};
/* End PBXVariantGroup section */

/* Begin XCBuildConfiguration section */
		5B438A4C26E55B3F007437CD /* Debug */ = {
			isa = XCBuildConfiguration;
			buildSettings = {
				ALWAYS_SEARCH_USER_PATHS = NO;
				CLANG_ANALYZER_NONNULL = YES;
				CLANG_ANALYZER_NUMBER_OBJECT_CONVERSION = YES_AGGRESSIVE;
				CLANG_CXX_LANGUAGE_STANDARD = "gnu++14";
				CLANG_CXX_LIBRARY = "libc++";
				CLANG_ENABLE_MODULES = YES;
				CLANG_ENABLE_OBJC_ARC = YES;
				CLANG_ENABLE_OBJC_WEAK = YES;
				CLANG_WARN_BLOCK_CAPTURE_AUTORELEASING = YES;
				CLANG_WARN_BOOL_CONVERSION = YES;
				CLANG_WARN_COMMA = YES;
				CLANG_WARN_CONSTANT_CONVERSION = YES;
				CLANG_WARN_DEPRECATED_OBJC_IMPLEMENTATIONS = YES;
				CLANG_WARN_DIRECT_OBJC_ISA_USAGE = YES_ERROR;
				CLANG_WARN_DOCUMENTATION_COMMENTS = YES;
				CLANG_WARN_EMPTY_BODY = YES;
				CLANG_WARN_ENUM_CONVERSION = YES;
				CLANG_WARN_INFINITE_RECURSION = YES;
				CLANG_WARN_INT_CONVERSION = YES;
				CLANG_WARN_NON_LITERAL_NULL_CONVERSION = YES;
				CLANG_WARN_OBJC_IMPLICIT_RETAIN_SELF = YES;
				CLANG_WARN_OBJC_LITERAL_CONVERSION = YES;
				CLANG_WARN_OBJC_ROOT_CLASS = YES_ERROR;
				CLANG_WARN_QUOTED_INCLUDE_IN_FRAMEWORK_HEADER = YES;
				CLANG_WARN_RANGE_LOOP_ANALYSIS = YES;
				CLANG_WARN_STRICT_PROTOTYPES = YES;
				CLANG_WARN_SUSPICIOUS_MOVE = YES;
				CLANG_WARN_UNGUARDED_AVAILABILITY = YES_AGGRESSIVE;
				CLANG_WARN_UNREACHABLE_CODE = YES;
				CLANG_WARN__DUPLICATE_METHOD_MATCH = YES;
				COPY_PHASE_STRIP = NO;
				DEBUG_INFORMATION_FORMAT = dwarf;
				ENABLE_STRICT_OBJC_MSGSEND = YES;
				ENABLE_TESTABILITY = YES;
				GCC_C_LANGUAGE_STANDARD = gnu11;
				GCC_DYNAMIC_NO_PIC = NO;
				GCC_NO_COMMON_BLOCKS = YES;
				GCC_OPTIMIZATION_LEVEL = 0;
				GCC_PREPROCESSOR_DEFINITIONS = (
					"DEBUG=1",
					"$(inherited)",
				);
				GCC_WARN_64_TO_32_BIT_CONVERSION = YES;
				GCC_WARN_ABOUT_RETURN_TYPE = YES_ERROR;
				GCC_WARN_UNDECLARED_SELECTOR = YES;
				GCC_WARN_UNINITIALIZED_AUTOS = YES_AGGRESSIVE;
				GCC_WARN_UNUSED_FUNCTION = YES;
				GCC_WARN_UNUSED_VARIABLE = YES;
				IPHONEOS_DEPLOYMENT_TARGET = 14.5;
				MTL_ENABLE_DEBUG_INFO = INCLUDE_SOURCE;
				MTL_FAST_MATH = YES;
				ONLY_ACTIVE_ARCH = YES;
				SDKROOT = iphoneos;
				SWIFT_ACTIVE_COMPILATION_CONDITIONS = DEBUG;
				SWIFT_OPTIMIZATION_LEVEL = "-Onone";
			};
			name = Debug;
		};
		5B438A4D26E55B3F007437CD /* Release */ = {
			isa = XCBuildConfiguration;
			buildSettings = {
				ALWAYS_SEARCH_USER_PATHS = NO;
				CLANG_ANALYZER_NONNULL = YES;
				CLANG_ANALYZER_NUMBER_OBJECT_CONVERSION = YES_AGGRESSIVE;
				CLANG_CXX_LANGUAGE_STANDARD = "gnu++14";
				CLANG_CXX_LIBRARY = "libc++";
				CLANG_ENABLE_MODULES = YES;
				CLANG_ENABLE_OBJC_ARC = YES;
				CLANG_ENABLE_OBJC_WEAK = YES;
				CLANG_WARN_BLOCK_CAPTURE_AUTORELEASING = YES;
				CLANG_WARN_BOOL_CONVERSION = YES;
				CLANG_WARN_COMMA = YES;
				CLANG_WARN_CONSTANT_CONVERSION = YES;
				CLANG_WARN_DEPRECATED_OBJC_IMPLEMENTATIONS = YES;
				CLANG_WARN_DIRECT_OBJC_ISA_USAGE = YES_ERROR;
				CLANG_WARN_DOCUMENTATION_COMMENTS = YES;
				CLANG_WARN_EMPTY_BODY = YES;
				CLANG_WARN_ENUM_CONVERSION = YES;
				CLANG_WARN_INFINITE_RECURSION = YES;
				CLANG_WARN_INT_CONVERSION = YES;
				CLANG_WARN_NON_LITERAL_NULL_CONVERSION = YES;
				CLANG_WARN_OBJC_IMPLICIT_RETAIN_SELF = YES;
				CLANG_WARN_OBJC_LITERAL_CONVERSION = YES;
				CLANG_WARN_OBJC_ROOT_CLASS = YES_ERROR;
				CLANG_WARN_QUOTED_INCLUDE_IN_FRAMEWORK_HEADER = YES;
				CLANG_WARN_RANGE_LOOP_ANALYSIS = YES;
				CLANG_WARN_STRICT_PROTOTYPES = YES;
				CLANG_WARN_SUSPICIOUS_MOVE = YES;
				CLANG_WARN_UNGUARDED_AVAILABILITY = YES_AGGRESSIVE;
				CLANG_WARN_UNREACHABLE_CODE = YES;
				CLANG_WARN__DUPLICATE_METHOD_MATCH = YES;
				COPY_PHASE_STRIP = NO;
				DEBUG_INFORMATION_FORMAT = "dwarf-with-dsym";
				ENABLE_NS_ASSERTIONS = NO;
				ENABLE_STRICT_OBJC_MSGSEND = YES;
				GCC_C_LANGUAGE_STANDARD = gnu11;
				GCC_NO_COMMON_BLOCKS = YES;
				GCC_WARN_64_TO_32_BIT_CONVERSION = YES;
				GCC_WARN_ABOUT_RETURN_TYPE = YES_ERROR;
				GCC_WARN_UNDECLARED_SELECTOR = YES;
				GCC_WARN_UNINITIALIZED_AUTOS = YES_AGGRESSIVE;
				GCC_WARN_UNUSED_FUNCTION = YES;
				GCC_WARN_UNUSED_VARIABLE = YES;
				IPHONEOS_DEPLOYMENT_TARGET = 14.5;
				MTL_ENABLE_DEBUG_INFO = NO;
				MTL_FAST_MATH = YES;
				SDKROOT = iphoneos;
				SWIFT_COMPILATION_MODE = wholemodule;
				SWIFT_OPTIMIZATION_LEVEL = "-O";
				VALIDATE_PRODUCT = YES;
			};
			name = Release;
		};
		5B438A4F26E55B3F007437CD /* Debug */ = {
			isa = XCBuildConfiguration;
			baseConfigurationReference = 6019865370E609448C07D906 /* Pods-WorldTweets.debug.xcconfig */;
			buildSettings = {
				ASSETCATALOG_COMPILER_APPICON_NAME = AppIcon;
				ASSETCATALOG_COMPILER_GLOBAL_ACCENT_COLOR_NAME = AccentColor;
				CODE_SIGN_STYLE = Automatic;
				DEVELOPMENT_TEAM = CSD6BPXM52;
				INFOPLIST_FILE = WorldTweets/Info.plist;
				IPHONEOS_DEPLOYMENT_TARGET = 12.1;
				LD_RUNPATH_SEARCH_PATHS = (
					"$(inherited)",
					"@executable_path/Frameworks",
				);
				PRODUCT_BUNDLE_IDENTIFIER = "com.david-jr.WorldTweets";
				PRODUCT_NAME = "$(TARGET_NAME)";
				SWIFT_VERSION = 5.0;
				TARGETED_DEVICE_FAMILY = 1;
			};
			name = Debug;
		};
		5B438A5026E55B3F007437CD /* Release */ = {
			isa = XCBuildConfiguration;
			baseConfigurationReference = 1DDB5A31A440F5FECE2E1D6F /* Pods-WorldTweets.release.xcconfig */;
			buildSettings = {
				ASSETCATALOG_COMPILER_APPICON_NAME = AppIcon;
				ASSETCATALOG_COMPILER_GLOBAL_ACCENT_COLOR_NAME = AccentColor;
				CODE_SIGN_STYLE = Automatic;
				DEVELOPMENT_TEAM = CSD6BPXM52;
				INFOPLIST_FILE = WorldTweets/Info.plist;
				IPHONEOS_DEPLOYMENT_TARGET = 12.1;
				LD_RUNPATH_SEARCH_PATHS = (
					"$(inherited)",
					"@executable_path/Frameworks",
				);
				PRODUCT_BUNDLE_IDENTIFIER = "com.david-jr.WorldTweets";
				PRODUCT_NAME = "$(TARGET_NAME)";
				SWIFT_VERSION = 5.0;
				TARGETED_DEVICE_FAMILY = 1;
			};
			name = Release;
		};
/* End XCBuildConfiguration section */

/* Begin XCConfigurationList section */
		5B438A3526E55B3D007437CD /* Build configuration list for PBXProject "WorldTweets" */ = {
			isa = XCConfigurationList;
			buildConfigurations = (
				5B438A4C26E55B3F007437CD /* Debug */,
				5B438A4D26E55B3F007437CD /* Release */,
			);
			defaultConfigurationIsVisible = 0;
			defaultConfigurationName = Release;
		};
		5B438A4E26E55B3F007437CD /* Build configuration list for PBXNativeTarget "WorldTweets" */ = {
			isa = XCConfigurationList;
			buildConfigurations = (
				5B438A4F26E55B3F007437CD /* Debug */,
				5B438A5026E55B3F007437CD /* Release */,
			);
			defaultConfigurationIsVisible = 0;
			defaultConfigurationName = Release;
		};
/* End XCConfigurationList section */
	};
	rootObject = 5B438A3226E55B3D007437CD /* Project object */;
}
